Microsoft Visual Studio Solution File, Format Version 12.00
# Visual Studio Version 17
VisualStudioVersion = 17.5.2.0
MinimumVisualStudioVersion = 10.0.40219.1
Project("{FAE04EC0-301F-11D3-BF4B-00C04F79EFBC}") = "ConsumerGatinho", "ConsumerGatinho.csproj", "{A978E00B-54AB-BFC9-A5E3-5B3B0A04737D}"
EndProject
Global
	GlobalSection(SolutionConfigurationPlatforms) = preSolution
		Debug|Any CPU = Debug|Any CPU
		Release|Any CPU = Release|Any CPU
	EndGlobalSection
	GlobalSection(ProjectConfigurationPlatforms) = postSolution
		{A978E00B-54AB-BFC9-A5E3-5B3B0A04737D}.Debug|Any CPU.ActiveCfg = Debug|Any CPU
		{A978E00B-54AB-BFC9-A5E3-5B3B0A04737D}.Debug|Any CPU.Build.0 = Debug|Any CPU
		{A978E00B-54AB-BFC9-A5E3-5B3B0A04737D}.Release|Any CPU.ActiveCfg = Release|Any CPU
		{A978E00B-54AB-BFC9-A5E3-5B3B0A04737D}.Release|Any CPU.Build.0 = Release|Any CPU
	EndGlobalSection
	GlobalSection(SolutionProperties) = preSolution
		HideSolutionNode = FALSE
	EndGlobalSection
	GlobalSection(ExtensibilityGlobals) = postSolution
		SolutionGuid = {3639A9DE-6614-432A-B57A-D43225CC7A74}
	EndGlobalSection
EndGlobal
